{
    "hash": "a0f69868eeefb67ade9215951ef56a0e",
    "packages": [
        {
            "package": "stubbles/core",
            "version": "v2.1.2"
        },
        {
            "package": "stubbles/input",
            "version": "v2.1.0"
        },
        {
            "package": "stubbles/xml",
            "version": "dev-master",
            "source-reference": "09bce6d32d5dffe940095c1557a0ce78714f9905",
            "commit-date": "1343743996"
        }
    ],
    "packages-dev": null,
    "aliases": [

    ],
    "minimum-stability": "stable",
    "stability-flags": {
        "stubbles/xml": 20
    }
}
