{
    "hash": "80f6a63e2bde57cd25442af404278436",
    "packages": [
        {
            "package": "stubbles/core",
            "version": "v2.1.2"
        },
        {
            "package": "stubbles/input",
            "version": "v2.1.0"
        }
    ],
    "packages-dev": null,
    "aliases": [

    ],
    "minimum-stability": "stable",
    "stability-flags": [

    ]
}
