{
    "hash": "7971347c52a96848a737b535d7cc60bf",
    "packages": [
        {
            "package": "stubbles/core",
            "version": "v2.0.0"
        },
        {
            "package": "stubbles/input",
            "version": "v2.0.0"
        }
    ],
    "packages-dev": [

    ],
    "aliases": [

    ],
    "minimum-stability": "stable",
    "stability-flags": [

    ]
}
